// !$*UTF8*$!
{
	archiveVersion = 1;
	classes = {
	};
	objectVersion = 46;
	objects = {

/* Begin PBXBuildFile section */
		191AAA76150CD03D00AFD20C /* 1024x768_land_call_press.png in Resources */ = {isa = PBXBuildFile; fileRef = 191AAA5D150CD03D00AFD20C /* 1024x768_land_call_press.png */; };
		191AAA77150CD03D00AFD20C /* 1024x768_land_contact_back.png in Resources */ = {isa = PBXBuildFile; fileRef = 191AAA5E150CD03D00AFD20C /* 1024x768_land_contact_back.png */; };
		191AAA78150CD03D00AFD20C /* 1024x768_land_contact_call.png in Resources */ = {isa = PBXBuildFile; fileRef = 191AAA5F150CD03D00AFD20C /* 1024x768_land_contact_call.png */; };
		191AAA79150CD03D00AFD20C /* 1024x768_land_contact_email.png in Resources */ = {isa = PBXBuildFile; fileRef = 191AAA60150CD03D00AFD20C /* 1024x768_land_contact_email.png */; };
		191AAA7A150CD03D00AFD20C /* 1024x768_land_contact_sms.png in Resources */ = {isa = PBXBuildFile; fileRef = 191AAA61150CD03D00AFD20C /* 1024x768_land_contact_sms.png */; };
		191AAA7B150CD03D00AFD20C /* 1024x768_land_sms_press.png in Resources */ = {isa = PBXBuildFile; fileRef = 191AAA62150CD03D00AFD20C /* 1024x768_land_sms_press.png */; };
		191AAA7C150CD03D00AFD20C /* 768x1024_port_icons_contact.png in Resources */ = {isa = PBXBuildFile; fileRef = 191AAA63150CD03D00AFD20C /* 768x1024_port_icons_contact.png */; };
		191AAA7D150CD03D00AFD20C /* 768x1024_port_icons_contact_press.png in Resources */ = {isa = PBXBuildFile; fileRef = 191AAA64150CD03D00AFD20C /* 768x1024_port_icons_contact_press.png */; };
		191AAA7E150CD03D00AFD20C /* 768x1024_port_icons_face.png in Resources */ = {isa = PBXBuildFile; fileRef = 191AAA65150CD03D00AFD20C /* 768x1024_port_icons_face.png */; };
		191AAA7F150CD03D00AFD20C /* 768x1024_port_icons_face_press.png in Resources */ = {isa = PBXBuildFile; fileRef = 191AAA66150CD03D00AFD20C /* 768x1024_port_icons_face_press.png */; };
		191AAA80150CD03D00AFD20C /* 768x1024_port_icons_pause.png in Resources */ = {isa = PBXBuildFile; fileRef = 191AAA67150CD03D00AFD20C /* 768x1024_port_icons_pause.png */; };
		191AAA81150CD03D00AFD20C /* 768x1024_port_icons_pause_press.png in Resources */ = {isa = PBXBuildFile; fileRef = 191AAA68150CD03D00AFD20C /* 768x1024_port_icons_pause_press.png */; };
		191AAA82150CD03D00AFD20C /* 768x1024_port_icons_play.png in Resources */ = {isa = PBXBuildFile; fileRef = 191AAA69150CD03D00AFD20C /* 768x1024_port_icons_play.png */; };
		191AAA83150CD03D00AFD20C /* 768x1024_port_icons_play_press.png in Resources */ = {isa = PBXBuildFile; fileRef = 191AAA6A150CD03D00AFD20C /* 768x1024_port_icons_play_press.png */; };
		191AAA84150CD03D00AFD20C /* 768x1024_port_icons_vol.png in Resources */ = {isa = PBXBuildFile; fileRef = 191AAA6B150CD03D00AFD20C /* 768x1024_port_icons_vol.png */; };
		191AAA85150CD03D00AFD20C /* 768x1024_port_icons_vol_press.png in Resources */ = {isa = PBXBuildFile; fileRef = 191AAA6C150CD03D00AFD20C /* 768x1024_port_icons_vol_press.png */; };
		191AAA86150CD03D00AFD20C /* 768x1024_port_icons_www.png in Resources */ = {isa = PBXBuildFile; fileRef = 191AAA6D150CD03D00AFD20C /* 768x1024_port_icons_www.png */; };
		191AAA87150CD03D00AFD20C /* 768x1024_port_icons_www_press.png in Resources */ = {isa = PBXBuildFile; fileRef = 191AAA6E150CD03D00AFD20C /* 768x1024_port_icons_www_press.png */; };
		191AAA88150CD03D00AFD20C /* 1024x768_land_bg.png in Resources */ = {isa = PBXBuildFile; fileRef = 191AAA70150CD03D00AFD20C /* 1024x768_land_bg.png */; };
		191AAA89150CD03D00AFD20C /* 1024x768_land_contact_bg.png in Resources */ = {isa = PBXBuildFile; fileRef = 191AAA71150CD03D00AFD20C /* 1024x768_land_contact_bg.png */; };
		191AAA8A150CD03D00AFD20C /* 768x1024_port_bg.png in Resources */ = {isa = PBXBuildFile; fileRef = 191AAA73150CD03D00AFD20C /* 768x1024_port_bg.png */; };
		191AAA8B150CD03D00AFD20C /* 768x1024_port_contact_bg.png in Resources */ = {isa = PBXBuildFile; fileRef = 191AAA74150CD03D00AFD20C /* 768x1024_port_contact_bg.png */; };
		191F6B3D150D5D3E00EB8127 /* digiscope-logo.png in Resources */ = {isa = PBXBuildFile; fileRef = 191F6B3C150D5D3E00EB8127 /* digiscope-logo.png */; };
		197ED68615113EB1001104C6 /* 320x480_infoview.png in Resources */ = {isa = PBXBuildFile; fileRef = 197ED68515113EB1001104C6 /* 320x480_infoview.png */; };
		19F31394150C002E006F3DED /* 320x480_port_contact_back.png in Resources */ = {isa = PBXBuildFile; fileRef = 19F31374150C002E006F3DED /* 320x480_port_contact_back.png */; };
		19F31395150C002E006F3DED /* 320x480_port_contact_back_press.png in Resources */ = {isa = PBXBuildFile; fileRef = 19F31375150C002E006F3DED /* 320x480_port_contact_back_press.png */; };
		19F31396150C002E006F3DED /* 320x480_port_contact_call.png in Resources */ = {isa = PBXBuildFile; fileRef = 19F31376150C002E006F3DED /* 320x480_port_contact_call.png */; };
		19F31397150C002E006F3DED /* 320x480_port_contact_call_press.png in Resources */ = {isa = PBXBuildFile; fileRef = 19F31377150C002E006F3DED /* 320x480_port_contact_call_press.png */; };
		19F31398150C002E006F3DED /* 320x480_port_contact_email.png in Resources */ = {isa = PBXBuildFile; fileRef = 19F31378150C002E006F3DED /* 320x480_port_contact_email.png */; };
		19F31399150C002E006F3DED /* 320x480_port_contact_sms.png in Resources */ = {isa = PBXBuildFile; fileRef = 19F31379150C002E006F3DED /* 320x480_port_contact_sms.png */; };
		19F3139A150C002E006F3DED /* 320x480_port_contact_sms_press.png in Resources */ = {isa = PBXBuildFile; fileRef = 19F3137A150C002E006F3DED /* 320x480_port_contact_sms_press.png */; };
		19F3139B150C002E006F3DED /* 320x480_port_icons_contact.png in Resources */ = {isa = PBXBuildFile; fileRef = 19F3137B150C002E006F3DED /* 320x480_port_icons_contact.png */; };
		19F3139C150C002E006F3DED /* 320x480_port_icons_contact_press.png in Resources */ = {isa = PBXBuildFile; fileRef = 19F3137C150C002E006F3DED /* 320x480_port_icons_contact_press.png */; };
		19F3139D150C002E006F3DED /* 320x480_port_icons_face.png in Resources */ = {isa = PBXBuildFile; fileRef = 19F3137D150C002E006F3DED /* 320x480_port_icons_face.png */; };
		19F3139E150C002E006F3DED /* 320x480_port_icons_face_press.png in Resources */ = {isa = PBXBuildFile; fileRef = 19F3137E150C002E006F3DED /* 320x480_port_icons_face_press.png */; };
		19F3139F150C002E006F3DED /* 320x480_port_icons_pause.png in Resources */ = {isa = PBXBuildFile; fileRef = 19F3137F150C002E006F3DED /* 320x480_port_icons_pause.png */; };
		19F313A0150C002E006F3DED /* 320x480_port_icons_pause_press.png in Resources */ = {isa = PBXBuildFile; fileRef = 19F31380150C002E006F3DED /* 320x480_port_icons_pause_press.png */; };
		19F313A1150C002E006F3DED /* 320x480_port_icons_play.png in Resources */ = {isa = PBXBuildFile; fileRef = 19F31381150C002E006F3DED /* 320x480_port_icons_play.png */; };
		19F313A2150C002E006F3DED /* 320x480_port_icons_play_press.png in Resources */ = {isa = PBXBuildFile; fileRef = 19F31382150C002E006F3DED /* 320x480_port_icons_play_press.png */; };
		19F313A3150C002E006F3DED /* 320x480_port_icons_vol.png in Resources */ = {isa = PBXBuildFile; fileRef = 19F31383150C002E006F3DED /* 320x480_port_icons_vol.png */; };
		19F313A4150C002E006F3DED /* 320x480_port_icons_vol_press.png in Resources */ = {isa = PBXBuildFile; fileRef = 19F31384150C002E006F3DED /* 320x480_port_icons_vol_press.png */; };
		19F313A5150C002E006F3DED /* 320x480_port_icons_www.png in Resources */ = {isa = PBXBuildFile; fileRef = 19F31385150C002E006F3DED /* 320x480_port_icons_www.png */; };
		19F313A6150C002E006F3DED /* 320x480_port_icons_www_press.png in Resources */ = {isa = PBXBuildFile; fileRef = 19F31386150C002E006F3DED /* 320x480_port_icons_www_press.png */; };
		19F313A7150C002E006F3DED /* 480x320_land_contact_back.png in Resources */ = {isa = PBXBuildFile; fileRef = 19F31387150C002E006F3DED /* 480x320_land_contact_back.png */; };
		19F313A8150C002E006F3DED /* 480x320_land_contact_back_press.png in Resources */ = {isa = PBXBuildFile; fileRef = 19F31388150C002E006F3DED /* 480x320_land_contact_back_press.png */; };
		19F313A9150C002E006F3DED /* 480x320_land_contact_call.png in Resources */ = {isa = PBXBuildFile; fileRef = 19F31389150C002E006F3DED /* 480x320_land_contact_call.png */; };
		19F313AA150C002E006F3DED /* 480x320_land_contact_call_press.png in Resources */ = {isa = PBXBuildFile; fileRef = 19F3138A150C002E006F3DED /* 480x320_land_contact_call_press.png */; };
		19F313AB150C002E006F3DED /* 480x320_land_contact_email.png in Resources */ = {isa = PBXBuildFile; fileRef = 19F3138B150C002E006F3DED /* 480x320_land_contact_email.png */; };
		19F313AC150C002E006F3DED /* 480x320_land_contact_sms.png in Resources */ = {isa = PBXBuildFile; fileRef = 19F3138C150C002E006F3DED /* 480x320_land_contact_sms.png */; };
		19F313AD150C002E006F3DED /* 480x320_land_contact_sms_press.png in Resources */ = {isa = PBXBuildFile; fileRef = 19F3138D150C002E006F3DED /* 480x320_land_contact_sms_press.png */; };
		19F313AE150C002E006F3DED /* 320x480_land_contact_bg.png in Resources */ = {isa = PBXBuildFile; fileRef = 19F3138F150C002E006F3DED /* 320x480_land_contact_bg.png */; };
		19F313AF150C002E006F3DED /* 320x480_land_main_bg.png in Resources */ = {isa = PBXBuildFile; fileRef = 19F31390150C002E006F3DED /* 320x480_land_main_bg.png */; };
		19F313B0150C002E006F3DED /* 320x480_port_bg.png in Resources */ = {isa = PBXBuildFile; fileRef = 19F31392150C002E006F3DED /* 320x480_port_bg.png */; };
		19F313B1150C002E006F3DED /* 320x480_port_contact_bg.png in Resources */ = {isa = PBXBuildFile; fileRef = 19F31393150C002E006F3DED /* 320x480_port_contact_bg.png */; };
		19F5DF01150D682C002EAF2F /* support.png in Resources */ = {isa = PBXBuildFile; fileRef = 19F5DF00150D682C002EAF2F /* support.png */; };
		3427346B14E9DFA00022E350 /* kontaktView.m in Sources */ = {isa = PBXBuildFile; fileRef = 3427346A14E9DFA00022E350 /* kontaktView.m */; };
		343EAD1215004D2A005722D7 /* CoreMedia.framework in Frameworks */ = {isa = PBXBuildFile; fileRef = 343EAD1115004D2A005722D7 /* CoreMedia.framework */; };
		343EAD1415004D91005722D7 /* AudioToolbox.framework in Frameworks */ = {isa = PBXBuildFile; fileRef = 343EAD1315004D91005722D7 /* AudioToolbox.framework */; };
		3468F38214E7D8970004697F /* comAppDelegate.m in Sources */ = {isa = PBXBuildFile; fileRef = 3468F37C14E7D8970004697F /* comAppDelegate.m */; };
		3468F38314E7D8970004697F /* comViewController.m in Sources */ = {isa = PBXBuildFile; fileRef = 3468F37E14E7D8970004697F /* comViewController.m */; };
		346DB10714E1F68F00ADC6C3 /* SystemConfiguration.framework in Frameworks */ = {isa = PBXBuildFile; fileRef = 346DB10614E1F68F00ADC6C3 /* SystemConfiguration.framework */; };
		3474779C150BCD59009769E1 /* comInfoViewController.m in Sources */ = {isa = PBXBuildFile; fileRef = 3474779A150BCD59009769E1 /* comInfoViewController.m */; };
		348C84471501236400051A75 /* QuartzCore.framework in Frameworks */ = {isa = PBXBuildFile; fileRef = 348C84461501236400051A75 /* QuartzCore.framework */; };
		348C844815012AB100051A75 /* CFNetwork.framework in Frameworks */ = {isa = PBXBuildFile; fileRef = 346DB10414E1F61E00ADC6C3 /* CFNetwork.framework */; };
		3490015014E0A8400062DD0C /* MediaPlayer.framework in Frameworks */ = {isa = PBXBuildFile; fileRef = 3490014F14E0A8400062DD0C /* MediaPlayer.framework */; };
		3490015314E1B6400062DD0C /* Settings.bundle in Resources */ = {isa = PBXBuildFile; fileRef = 3490015214E1B6400062DD0C /* Settings.bundle */; };
		34F6020914DF1D27005DB8A9 /* UIKit.framework in Frameworks */ = {isa = PBXBuildFile; fileRef = 34F6020814DF1D27005DB8A9 /* UIKit.framework */; };
		34F6020B14DF1D27005DB8A9 /* Foundation.framework in Frameworks */ = {isa = PBXBuildFile; fileRef = 34F6020A14DF1D27005DB8A9 /* Foundation.framework */; };
		34F6020D14DF1D27005DB8A9 /* CoreGraphics.framework in Frameworks */ = {isa = PBXBuildFile; fileRef = 34F6020C14DF1D27005DB8A9 /* CoreGraphics.framework */; };
		34F6021514DF1D27005DB8A9 /* main.m in Sources */ = {isa = PBXBuildFile; fileRef = 34F6021414DF1D27005DB8A9 /* main.m */; };
		34F6022914DF1D59005DB8A9 /* AVFoundation.framework in Frameworks */ = {isa = PBXBuildFile; fileRef = 34F6022814DF1D59005DB8A9 /* AVFoundation.framework */; };
		B9DB543C8C15B1FA09C81C77 /* libPods-RockRadioCas.a in Frameworks */ = {isa = PBXBuildFile; fileRef = 3567CB3B5A3A63D480FC0B8A /* libPods-RockRadioCas.a */; };
		C4929CCB1549ABBB009A8B10 /* 1024x768_land_back_press.png in Resources */ = {isa = PBXBuildFile; fileRef = C4929CCA1549ABBB009A8B10 /* 1024x768_land_back_press.png */; };
		EB7E76D51C897436002E3AE1 /* Images.xcassets in Resources */ = {isa = PBXBuildFile; fileRef = EB7E76D41C897436002E3AE1 /* Images.xcassets */; };
		EB7E76D71C8977AD002E3AE1 /* Launch Screen.storyboard in Resources */ = {isa = PBXBuildFile; fileRef = EB7E76D61C8977AD002E3AE1 /* Launch Screen.storyboard */; };
		EB7E76D91C8978EE002E3AE1 /* Storyboard.storyboard in Resources */ = {isa = PBXBuildFile; fileRef = EB7E76D81C8978EE002E3AE1 /* Storyboard.storyboard */; };
		EB7E76EB1C8992A7002E3AE1 /* comPlayer.m in Sources */ = {isa = PBXBuildFile; fileRef = EB7E76E81C8992A7002E3AE1 /* comPlayer.m */; };
		EB7E76EC1C8992A7002E3AE1 /* Reachability.m in Sources */ = {isa = PBXBuildFile; fileRef = EB7E76EA1C8992A7002E3AE1 /* Reachability.m */; };
		EB7E76EE1C89B6CD002E3AE1 /* infoBck.png in Resources */ = {isa = PBXBuildFile; fileRef = EB7E76ED1C89B6CD002E3AE1 /* infoBck.png */; };
		EBAFDEE61D35261C008BEBF6 /* Podfile in Resources */ = {isa = PBXBuildFile; fileRef = EBAFDEE51D35261C008BEBF6 /* Podfile */; };
		EBAFDEE91D352670008BEBF6 /* ServiceTools.m in Sources */ = {isa = PBXBuildFile; fileRef = EBAFDEE81D352670008BEBF6 /* ServiceTools.m */; };
		EBAFDEEB1D3526AF008BEBF6 /* GoogleService-Info.plist in Resources */ = {isa = PBXBuildFile; fileRef = EBAFDEEA1D3526AF008BEBF6 /* GoogleService-Info.plist */; };
/* End PBXBuildFile section */

/* Begin PBXFileReference section */
		191AAA5D150CD03D00AFD20C /* 1024x768_land_call_press.png */ = {isa = PBXFileReference; lastKnownFileType = image.png; path = 1024x768_land_call_press.png; sourceTree = "<group>"; };
		191AAA5E150CD03D00AFD20C /* 1024x768_land_contact_back.png */ = {isa = PBXFileReference; lastKnownFileType = image.png; path = 1024x768_land_contact_back.png; sourceTree = "<group>"; };
		191AAA5F150CD03D00AFD20C /* 1024x768_land_contact_call.png */ = {isa = PBXFileReference; lastKnownFileType = image.png; path = 1024x768_land_contact_call.png; sourceTree = "<group>"; };
		191AAA60150CD03D00AFD20C /* 1024x768_land_contact_email.png */ = {isa = PBXFileReference; lastKnownFileType = image.png; path = 1024x768_land_contact_email.png; sourceTree = "<group>"; };
		191AAA61150CD03D00AFD20C /* 1024x768_land_contact_sms.png */ = {isa = PBXFileReference; lastKnownFileType = image.png; path = 1024x768_land_contact_sms.png; sourceTree = "<group>"; };
		191AAA62150CD03D00AFD20C /* 1024x768_land_sms_press.png */ = {isa = PBXFileReference; lastKnownFileType = image.png; path = 1024x768_land_sms_press.png; sourceTree = "<group>"; };
		191AAA63150CD03D00AFD20C /* 768x1024_port_icons_contact.png */ = {isa = PBXFileReference; lastKnownFileType = image.png; path = 768x1024_port_icons_contact.png; sourceTree = "<group>"; };
		191AAA64150CD03D00AFD20C /* 768x1024_port_icons_contact_press.png */ = {isa = PBXFileReference; lastKnownFileType = image.png; path = 768x1024_port_icons_contact_press.png; sourceTree = "<group>"; };
		191AAA65150CD03D00AFD20C /* 768x1024_port_icons_face.png */ = {isa = PBXFileReference; lastKnownFileType = image.png; path = 768x1024_port_icons_face.png; sourceTree = "<group>"; };
		191AAA66150CD03D00AFD20C /* 768x1024_port_icons_face_press.png */ = {isa = PBXFileReference; lastKnownFileType = image.png; path = 768x1024_port_icons_face_press.png; sourceTree = "<group>"; };
		191AAA67150CD03D00AFD20C /* 768x1024_port_icons_pause.png */ = {isa = PBXFileReference; lastKnownFileType = image.png; path = 768x1024_port_icons_pause.png; sourceTree = "<group>"; };
		191AAA68150CD03D00AFD20C /* 768x1024_port_icons_pause_press.png */ = {isa = PBXFileReference; lastKnownFileType = image.png; path = 768x1024_port_icons_pause_press.png; sourceTree = "<group>"; };
		191AAA69150CD03D00AFD20C /* 768x1024_port_icons_play.png */ = {isa = PBXFileReference; lastKnownFileType = image.png; path = 768x1024_port_icons_play.png; sourceTree = "<group>"; };
		191AAA6A150CD03D00AFD20C /* 768x1024_port_icons_play_press.png */ = {isa = PBXFileReference; lastKnownFileType = image.png; path = 768x1024_port_icons_play_press.png; sourceTree = "<group>"; };
		191AAA6B150CD03D00AFD20C /* 768x1024_port_icons_vol.png */ = {isa = PBXFileReference; lastKnownFileType = image.png; path = 768x1024_port_icons_vol.png; sourceTree = "<group>"; };
		191AAA6C150CD03D00AFD20C /* 768x1024_port_icons_vol_press.png */ = {isa = PBXFileReference; lastKnownFileType = image.png; path = 768x1024_port_icons_vol_press.png; sourceTree = "<group>"; };
		191AAA6D150CD03D00AFD20C /* 768x1024_port_icons_www.png */ = {isa = PBXFileReference; lastKnownFileType = image.png; path = 768x1024_port_icons_www.png; sourceTree = "<group>"; };
		191AAA6E150CD03D00AFD20C /* 768x1024_port_icons_www_press.png */ = {isa = PBXFileReference; lastKnownFileType = image.png; path = 768x1024_port_icons_www_press.png; sourceTree = "<group>"; };
		191AAA70150CD03D00AFD20C /* 1024x768_land_bg.png */ = {isa = PBXFileReference; lastKnownFileType = image.png; path = 1024x768_land_bg.png; sourceTree = "<group>"; };
		191AAA71150CD03D00AFD20C /* 1024x768_land_contact_bg.png */ = {isa = PBXFileReference; lastKnownFileType = image.png; path = 1024x768_land_contact_bg.png; sourceTree = "<group>"; };
		191AAA73150CD03D00AFD20C /* 768x1024_port_bg.png */ = {isa = PBXFileReference; lastKnownFileType = image.png; path = 768x1024_port_bg.png; sourceTree = "<group>"; };
		191AAA74150CD03D00AFD20C /* 768x1024_port_contact_bg.png */ = {isa = PBXFileReference; lastKnownFileType = image.png; path = 768x1024_port_contact_bg.png; sourceTree = "<group>"; };
		191F6B3C150D5D3E00EB8127 /* digiscope-logo.png */ = {isa = PBXFileReference; lastKnownFileType = image.png; path = "digiscope-logo.png"; sourceTree = "<group>"; };
		197ED68515113EB1001104C6 /* 320x480_infoview.png */ = {isa = PBXFileReference; lastKnownFileType = image.png; path = 320x480_infoview.png; sourceTree = "<group>"; };
		19F31374150C002E006F3DED /* 320x480_port_contact_back.png */ = {isa = PBXFileReference; lastKnownFileType = image.png; path = 320x480_port_contact_back.png; sourceTree = "<group>"; };
		19F31375150C002E006F3DED /* 320x480_port_contact_back_press.png */ = {isa = PBXFileReference; lastKnownFileType = image.png; path = 320x480_port_contact_back_press.png; sourceTree = "<group>"; };
		19F31376150C002E006F3DED /* 320x480_port_contact_call.png */ = {isa = PBXFileReference; lastKnownFileType = image.png; path = 320x480_port_contact_call.png; sourceTree = "<group>"; };
		19F31377150C002E006F3DED /* 320x480_port_contact_call_press.png */ = {isa = PBXFileReference; lastKnownFileType = image.png; path = 320x480_port_contact_call_press.png; sourceTree = "<group>"; };
		19F31378150C002E006F3DED /* 320x480_port_contact_email.png */ = {isa = PBXFileReference; lastKnownFileType = image.png; path = 320x480_port_contact_email.png; sourceTree = "<group>"; };
		19F31379150C002E006F3DED /* 320x480_port_contact_sms.png */ = {isa = PBXFileReference; lastKnownFileType = image.png; path = 320x480_port_contact_sms.png; sourceTree = "<group>"; };
		19F3137A150C002E006F3DED /* 320x480_port_contact_sms_press.png */ = {isa = PBXFileReference; lastKnownFileType = image.png; path = 320x480_port_contact_sms_press.png; sourceTree = "<group>"; };
		19F3137B150C002E006F3DED /* 320x480_port_icons_contact.png */ = {isa = PBXFileReference; lastKnownFileType = image.png; path = 320x480_port_icons_contact.png; sourceTree = "<group>"; };
		19F3137C150C002E006F3DED /* 320x480_port_icons_contact_press.png */ = {isa = PBXFileReference; lastKnownFileType = image.png; path = 320x480_port_icons_contact_press.png; sourceTree = "<group>"; };
		19F3137D150C002E006F3DED /* 320x480_port_icons_face.png */ = {isa = PBXFileReference; lastKnownFileType = image.png; path = 320x480_port_icons_face.png; sourceTree = "<group>"; };
		19F3137E150C002E006F3DED /* 320x480_port_icons_face_press.png */ = {isa = PBXFileReference; lastKnownFileType = image.png; path = 320x480_port_icons_face_press.png; sourceTree = "<group>"; };
		19F3137F150C002E006F3DED /* 320x480_port_icons_pause.png */ = {isa = PBXFileReference; lastKnownFileType = image.png; path = 320x480_port_icons_pause.png; sourceTree = "<group>"; };
		19F31380150C002E006F3DED /* 320x480_port_icons_pause_press.png */ = {isa = PBXFileReference; lastKnownFileType = image.png; path = 320x480_port_icons_pause_press.png; sourceTree = "<group>"; };
		19F31381150C002E006F3DED /* 320x480_port_icons_play.png */ = {isa = PBXFileReference; lastKnownFileType = image.png; path = 320x480_port_icons_play.png; sourceTree = "<group>"; };
		19F31382150C002E006F3DED /* 320x480_port_icons_play_press.png */ = {isa = PBXFileReference; lastKnownFileType = image.png; path = 320x480_port_icons_play_press.png; sourceTree = "<group>"; };
		19F31383150C002E006F3DED /* 320x480_port_icons_vol.png */ = {isa = PBXFileReference; lastKnownFileType = image.png; path = 320x480_port_icons_vol.png; sourceTree = "<group>"; };
		19F31384150C002E006F3DED /* 320x480_port_icons_vol_press.png */ = {isa = PBXFileReference; lastKnownFileType = image.png; path = 320x480_port_icons_vol_press.png; sourceTree = "<group>"; };
		19F31385150C002E006F3DED /* 320x480_port_icons_www.png */ = {isa = PBXFileReference; lastKnownFileType = image.png; path = 320x480_port_icons_www.png; sourceTree = "<group>"; };
		19F31386150C002E006F3DED /* 320x480_port_icons_www_press.png */ = {isa = PBXFileReference; lastKnownFileType = image.png; path = 320x480_port_icons_www_press.png; sourceTree = "<group>"; };
		19F31387150C002E006F3DED /* 480x320_land_contact_back.png */ = {isa = PBXFileReference; lastKnownFileType = image.png; path = 480x320_land_contact_back.png; sourceTree = "<group>"; };
		19F31388150C002E006F3DED /* 480x320_land_contact_back_press.png */ = {isa = PBXFileReference; lastKnownFileType = image.png; path = 480x320_land_contact_back_press.png; sourceTree = "<group>"; };
		19F31389150C002E006F3DED /* 480x320_land_contact_call.png */ = {isa = PBXFileReference; lastKnownFileType = image.png; path = 480x320_land_contact_call.png; sourceTree = "<group>"; };
		19F3138A150C002E006F3DED /* 480x320_land_contact_call_press.png */ = {isa = PBXFileReference; lastKnownFileType = image.png; path = 480x320_land_contact_call_press.png; sourceTree = "<group>"; };
		19F3138B150C002E006F3DED /* 480x320_land_contact_email.png */ = {isa = PBXFileReference; lastKnownFileType = image.png; path = 480x320_land_contact_email.png; sourceTree = "<group>"; };
		19F3138C150C002E006F3DED /* 480x320_land_contact_sms.png */ = {isa = PBXFileReference; lastKnownFileType = image.png; path = 480x320_land_contact_sms.png; sourceTree = "<group>"; };
		19F3138D150C002E006F3DED /* 480x320_land_contact_sms_press.png */ = {isa = PBXFileReference; lastKnownFileType = image.png; path = 480x320_land_contact_sms_press.png; sourceTree = "<group>"; };
		19F3138F150C002E006F3DED /* 320x480_land_contact_bg.png */ = {isa = PBXFileReference; lastKnownFileType = image.png; path = 320x480_land_contact_bg.png; sourceTree = "<group>"; };
		19F31390150C002E006F3DED /* 320x480_land_main_bg.png */ = {isa = PBXFileReference; lastKnownFileType = image.png; path = 320x480_land_main_bg.png; sourceTree = "<group>"; };
		19F31392150C002E006F3DED /* 320x480_port_bg.png */ = {isa = PBXFileReference; lastKnownFileType = image.png; path = 320x480_port_bg.png; sourceTree = "<group>"; };
		19F31393150C002E006F3DED /* 320x480_port_contact_bg.png */ = {isa = PBXFileReference; lastKnownFileType = image.png; path = 320x480_port_contact_bg.png; sourceTree = "<group>"; };
		19F5DF00150D682C002EAF2F /* support.png */ = {isa = PBXFileReference; lastKnownFileType = image.png; path = support.png; sourceTree = "<group>"; };
		2161D925C6C89FC23C328ADA /* Pods-RockRadioCas.release.xcconfig */ = {isa = PBXFileReference; includeInIndex = 1; lastKnownFileType = text.xcconfig; name = "Pods-RockRadioCas.release.xcconfig"; path = "Pods/Target Support Files/Pods-RockRadioCas/Pods-RockRadioCas.release.xcconfig"; sourceTree = "<group>"; };
		249DC025BC48781BA2ECCCCE /* Pods-RockRadioCas.distribution.xcconfig */ = {isa = PBXFileReference; includeInIndex = 1; lastKnownFileType = text.xcconfig; name = "Pods-RockRadioCas.distribution.xcconfig"; path = "Pods/Target Support Files/Pods-RockRadioCas/Pods-RockRadioCas.distribution.xcconfig"; sourceTree = "<group>"; };
		3390A79D4E7E3464CDF10AF0 /* Pods-RockRadioCas.debug.xcconfig */ = {isa = PBXFileReference; includeInIndex = 1; lastKnownFileType = text.xcconfig; name = "Pods-RockRadioCas.debug.xcconfig"; path = "Pods/Target Support Files/Pods-RockRadioCas/Pods-RockRadioCas.debug.xcconfig"; sourceTree = "<group>"; };
		3427346914E9DFA00022E350 /* kontaktView.h */ = {isa = PBXFileReference; fileEncoding = 4; lastKnownFileType = sourcecode.c.h; path = kontaktView.h; sourceTree = "<group>"; };
		3427346A14E9DFA00022E350 /* kontaktView.m */ = {isa = PBXFileReference; fileEncoding = 4; lastKnownFileType = sourcecode.c.objc; path = kontaktView.m; sourceTree = "<group>"; };
		343EAD1115004D2A005722D7 /* CoreMedia.framework */ = {isa = PBXFileReference; lastKnownFileType = wrapper.framework; name = CoreMedia.framework; path = System/Library/Frameworks/CoreMedia.framework; sourceTree = SDKROOT; };
		343EAD1315004D91005722D7 /* AudioToolbox.framework */ = {isa = PBXFileReference; lastKnownFileType = wrapper.framework; name = AudioToolbox.framework; path = System/Library/Frameworks/AudioToolbox.framework; sourceTree = SDKROOT; };
		3468F37B14E7D8970004697F /* comAppDelegate.h */ = {isa = PBXFileReference; fileEncoding = 4; lastKnownFileType = sourcecode.c.h; path = comAppDelegate.h; sourceTree = "<group>"; };
		3468F37C14E7D8970004697F /* comAppDelegate.m */ = {isa = PBXFileReference; fileEncoding = 4; lastKnownFileType = sourcecode.c.objc; path = comAppDelegate.m; sourceTree = "<group>"; };
		3468F37D14E7D8970004697F /* comViewController.h */ = {isa = PBXFileReference; fileEncoding = 4; lastKnownFileType = sourcecode.c.h; path = comViewController.h; sourceTree = "<group>"; };
		3468F37E14E7D8970004697F /* comViewController.m */ = {isa = PBXFileReference; fileEncoding = 4; lastKnownFileType = sourcecode.c.objc; path = comViewController.m; sourceTree = "<group>"; };
		346DB10414E1F61E00ADC6C3 /* CFNetwork.framework */ = {isa = PBXFileReference; lastKnownFileType = wrapper.framework; name = CFNetwork.framework; path = System/Library/Frameworks/CFNetwork.framework; sourceTree = SDKROOT; };
		346DB10614E1F68F00ADC6C3 /* SystemConfiguration.framework */ = {isa = PBXFileReference; lastKnownFileType = wrapper.framework; name = SystemConfiguration.framework; path = System/Library/Frameworks/SystemConfiguration.framework; sourceTree = SDKROOT; };
		34747799150BCD59009769E1 /* comInfoViewController.h */ = {isa = PBXFileReference; fileEncoding = 4; lastKnownFileType = sourcecode.c.h; path = comInfoViewController.h; sourceTree = "<group>"; };
		3474779A150BCD59009769E1 /* comInfoViewController.m */ = {isa = PBXFileReference; fileEncoding = 4; lastKnownFileType = sourcecode.c.objc; path = comInfoViewController.m; sourceTree = "<group>"; };
		348C84461501236400051A75 /* QuartzCore.framework */ = {isa = PBXFileReference; lastKnownFileType = wrapper.framework; name = QuartzCore.framework; path = System/Library/Frameworks/QuartzCore.framework; sourceTree = SDKROOT; };
		3490014F14E0A8400062DD0C /* MediaPlayer.framework */ = {isa = PBXFileReference; lastKnownFileType = wrapper.framework; name = MediaPlayer.framework; path = System/Library/Frameworks/MediaPlayer.framework; sourceTree = SDKROOT; };
		3490015214E1B6400062DD0C /* Settings.bundle */ = {isa = PBXFileReference; lastKnownFileType = "wrapper.plug-in"; path = Settings.bundle; sourceTree = "<group>"; };
		34F6020414DF1D27005DB8A9 /* RockRadioCas.app */ = {isa = PBXFileReference; explicitFileType = wrapper.application; includeInIndex = 0; path = RockRadioCas.app; sourceTree = BUILT_PRODUCTS_DIR; };
		34F6020814DF1D27005DB8A9 /* UIKit.framework */ = {isa = PBXFileReference; lastKnownFileType = wrapper.framework; name = UIKit.framework; path = System/Library/Frameworks/UIKit.framework; sourceTree = SDKROOT; };
		34F6020A14DF1D27005DB8A9 /* Foundation.framework */ = {isa = PBXFileReference; lastKnownFileType = wrapper.framework; name = Foundation.framework; path = System/Library/Frameworks/Foundation.framework; sourceTree = SDKROOT; };
		34F6020C14DF1D27005DB8A9 /* CoreGraphics.framework */ = {isa = PBXFileReference; lastKnownFileType = wrapper.framework; name = CoreGraphics.framework; path = System/Library/Frameworks/CoreGraphics.framework; sourceTree = SDKROOT; };
		34F6021014DF1D27005DB8A9 /* RockRadioCas-Info.plist */ = {isa = PBXFileReference; lastKnownFileType = text.plist.xml; path = "RockRadioCas-Info.plist"; sourceTree = "<group>"; };
		34F6021414DF1D27005DB8A9 /* main.m */ = {isa = PBXFileReference; lastKnownFileType = sourcecode.c.objc; path = main.m; sourceTree = "<group>"; };
		34F6021614DF1D27005DB8A9 /* RockRadioCas-Prefix.pch */ = {isa = PBXFileReference; lastKnownFileType = sourcecode.c.h; path = "RockRadioCas-Prefix.pch"; sourceTree = "<group>"; };
		34F6022814DF1D59005DB8A9 /* AVFoundation.framework */ = {isa = PBXFileReference; lastKnownFileType = wrapper.framework; name = AVFoundation.framework; path = System/Library/Frameworks/AVFoundation.framework; sourceTree = SDKROOT; };
		3567CB3B5A3A63D480FC0B8A /* libPods-RockRadioCas.a */ = {isa = PBXFileReference; explicitFileType = archive.ar; includeInIndex = 0; path = "libPods-RockRadioCas.a"; sourceTree = BUILT_PRODUCTS_DIR; };
		C4929CCA1549ABBB009A8B10 /* 1024x768_land_back_press.png */ = {isa = PBXFileReference; lastKnownFileType = image.png; path = 1024x768_land_back_press.png; sourceTree = "<group>"; };
		EB7E76D41C897436002E3AE1 /* Images.xcassets */ = {isa = PBXFileReference; lastKnownFileType = folder.assetcatalog; path = Images.xcassets; sourceTree = "<group>"; };
		EB7E76D61C8977AD002E3AE1 /* Launch Screen.storyboard */ = {isa = PBXFileReference; fileEncoding = 4; lastKnownFileType = file.storyboard; path = "Launch Screen.storyboard"; sourceTree = "<group>"; };
		EB7E76D81C8978EE002E3AE1 /* Storyboard.storyboard */ = {isa = PBXFileReference; fileEncoding = 4; lastKnownFileType = file.storyboard; path = Storyboard.storyboard; sourceTree = "<group>"; };
		EB7E76E71C8992A7002E3AE1 /* comPlayer.h */ = {isa = PBXFileReference; fileEncoding = 4; lastKnownFileType = sourcecode.c.h; path = comPlayer.h; sourceTree = "<group>"; };
		EB7E76E81C8992A7002E3AE1 /* comPlayer.m */ = {isa = PBXFileReference; fileEncoding = 4; lastKnownFileType = sourcecode.c.objc; path = comPlayer.m; sourceTree = "<group>"; };
		EB7E76E91C8992A7002E3AE1 /* Reachability.h */ = {isa = PBXFileReference; fileEncoding = 4; lastKnownFileType = sourcecode.c.h; path = Reachability.h; sourceTree = "<group>"; };
		EB7E76EA1C8992A7002E3AE1 /* Reachability.m */ = {isa = PBXFileReference; fileEncoding = 4; lastKnownFileType = sourcecode.c.objc; path = Reachability.m; sourceTree = "<group>"; };
		EB7E76ED1C89B6CD002E3AE1 /* infoBck.png */ = {isa = PBXFileReference; lastKnownFileType = image.png; path = infoBck.png; sourceTree = "<group>"; };
		EBAFDEE51D35261C008BEBF6 /* Podfile */ = {isa = PBXFileReference; fileEncoding = 4; lastKnownFileType = text; path = Podfile; sourceTree = "<group>"; };
		EBAFDEE71D352670008BEBF6 /* ServiceTools.h */ = {isa = PBXFileReference; fileEncoding = 4; lastKnownFileType = sourcecode.c.h; path = ServiceTools.h; sourceTree = "<group>"; };
		EBAFDEE81D352670008BEBF6 /* ServiceTools.m */ = {isa = PBXFileReference; fileEncoding = 4; lastKnownFileType = sourcecode.c.objc; path = ServiceTools.m; sourceTree = "<group>"; };
		EBAFDEEA1D3526AF008BEBF6 /* GoogleService-Info.plist */ = {isa = PBXFileReference; fileEncoding = 4; lastKnownFileType = text.plist.xml; path = "GoogleService-Info.plist"; sourceTree = "<group>"; };
/* End PBXFileReference section */

/* Begin PBXFrameworksBuildPhase section */
		34F6020114DF1D27005DB8A9 /* Frameworks */ = {
			isa = PBXFrameworksBuildPhase;
			buildActionMask = 2147483647;
			files = (
				348C844815012AB100051A75 /* CFNetwork.framework in Frameworks */,
				348C84471501236400051A75 /* QuartzCore.framework in Frameworks */,
				343EAD1415004D91005722D7 /* AudioToolbox.framework in Frameworks */,
				343EAD1215004D2A005722D7 /* CoreMedia.framework in Frameworks */,
				346DB10714E1F68F00ADC6C3 /* SystemConfiguration.framework in Frameworks */,
				3490015014E0A8400062DD0C /* MediaPlayer.framework in Frameworks */,
				34F6022914DF1D59005DB8A9 /* AVFoundation.framework in Frameworks */,
				34F6020914DF1D27005DB8A9 /* UIKit.framework in Frameworks */,
				34F6020B14DF1D27005DB8A9 /* Foundation.framework in Frameworks */,
				34F6020D14DF1D27005DB8A9 /* CoreGraphics.framework in Frameworks */,
				B9DB543C8C15B1FA09C81C77 /* libPods-RockRadioCas.a in Frameworks */,
			);
			runOnlyForDeploymentPostprocessing = 0;
		};
/* End PBXFrameworksBuildPhase section */

/* Begin PBXGroup section */
		191AAA5A150CD03D00AFD20C /* ipadfin */ = {
			isa = PBXGroup;
			children = (
				191AAA5B150CD03D00AFD20C /* icons */,
				191AAA6F150CD03D00AFD20C /* land */,
				191AAA72150CD03D00AFD20C /* port */,
			);
			path = ipadfin;
			sourceTree = "<group>";
		};
		191AAA5B150CD03D00AFD20C /* icons */ = {
			isa = PBXGroup;
			children = (
				C4929CCA1549ABBB009A8B10 /* 1024x768_land_back_press.png */,
				19F5DF00150D682C002EAF2F /* support.png */,
				191F6B3C150D5D3E00EB8127 /* digiscope-logo.png */,
				191AAA5D150CD03D00AFD20C /* 1024x768_land_call_press.png */,
				191AAA5E150CD03D00AFD20C /* 1024x768_land_contact_back.png */,
				191AAA5F150CD03D00AFD20C /* 1024x768_land_contact_call.png */,
				191AAA60150CD03D00AFD20C /* 1024x768_land_contact_email.png */,
				191AAA61150CD03D00AFD20C /* 1024x768_land_contact_sms.png */,
				191AAA62150CD03D00AFD20C /* 1024x768_land_sms_press.png */,
				191AAA63150CD03D00AFD20C /* 768x1024_port_icons_contact.png */,
				191AAA64150CD03D00AFD20C /* 768x1024_port_icons_contact_press.png */,
				191AAA65150CD03D00AFD20C /* 768x1024_port_icons_face.png */,
				191AAA66150CD03D00AFD20C /* 768x1024_port_icons_face_press.png */,
				191AAA67150CD03D00AFD20C /* 768x1024_port_icons_pause.png */,
				191AAA68150CD03D00AFD20C /* 768x1024_port_icons_pause_press.png */,
				191AAA69150CD03D00AFD20C /* 768x1024_port_icons_play.png */,
				191AAA6A150CD03D00AFD20C /* 768x1024_port_icons_play_press.png */,
				191AAA6B150CD03D00AFD20C /* 768x1024_port_icons_vol.png */,
				191AAA6C150CD03D00AFD20C /* 768x1024_port_icons_vol_press.png */,
				191AAA6D150CD03D00AFD20C /* 768x1024_port_icons_www.png */,
				191AAA6E150CD03D00AFD20C /* 768x1024_port_icons_www_press.png */,
			);
			path = icons;
			sourceTree = "<group>";
		};
		191AAA6F150CD03D00AFD20C /* land */ = {
			isa = PBXGroup;
			children = (
				191AAA70150CD03D00AFD20C /* 1024x768_land_bg.png */,
				191AAA71150CD03D00AFD20C /* 1024x768_land_contact_bg.png */,
			);
			path = land;
			sourceTree = "<group>";
		};
		191AAA72150CD03D00AFD20C /* port */ = {
			isa = PBXGroup;
			children = (
				191AAA73150CD03D00AFD20C /* 768x1024_port_bg.png */,
				191AAA74150CD03D00AFD20C /* 768x1024_port_contact_bg.png */,
			);
			path = port;
			sourceTree = "<group>";
		};
		19F31372150C002E006F3DED /* iphonefin */ = {
			isa = PBXGroup;
			children = (
				19F31373150C002E006F3DED /* icons */,
				19F3138E150C002E006F3DED /* land */,
				19F31391150C002E006F3DED /* port */,
			);
			path = iphonefin;
			sourceTree = "<group>";
		};
		19F31373150C002E006F3DED /* icons */ = {
			isa = PBXGroup;
			children = (
				19F31374150C002E006F3DED /* 320x480_port_contact_back.png */,
				19F31375150C002E006F3DED /* 320x480_port_contact_back_press.png */,
				19F31376150C002E006F3DED /* 320x480_port_contact_call.png */,
				19F31377150C002E006F3DED /* 320x480_port_contact_call_press.png */,
				19F31378150C002E006F3DED /* 320x480_port_contact_email.png */,
				19F31379150C002E006F3DED /* 320x480_port_contact_sms.png */,
				19F3137A150C002E006F3DED /* 320x480_port_contact_sms_press.png */,
				19F3137B150C002E006F3DED /* 320x480_port_icons_contact.png */,
				19F3137C150C002E006F3DED /* 320x480_port_icons_contact_press.png */,
				19F3137D150C002E006F3DED /* 320x480_port_icons_face.png */,
				19F3137E150C002E006F3DED /* 320x480_port_icons_face_press.png */,
				19F3137F150C002E006F3DED /* 320x480_port_icons_pause.png */,
				19F31380150C002E006F3DED /* 320x480_port_icons_pause_press.png */,
				19F31381150C002E006F3DED /* 320x480_port_icons_play.png */,
				19F31382150C002E006F3DED /* 320x480_port_icons_play_press.png */,
				19F31383150C002E006F3DED /* 320x480_port_icons_vol.png */,
				19F31384150C002E006F3DED /* 320x480_port_icons_vol_press.png */,
				19F31385150C002E006F3DED /* 320x480_port_icons_www.png */,
				19F31386150C002E006F3DED /* 320x480_port_icons_www_press.png */,
				19F31387150C002E006F3DED /* 480x320_land_contact_back.png */,
				19F31388150C002E006F3DED /* 480x320_land_contact_back_press.png */,
				19F31389150C002E006F3DED /* 480x320_land_contact_call.png */,
				19F3138A150C002E006F3DED /* 480x320_land_contact_call_press.png */,
				19F3138B150C002E006F3DED /* 480x320_land_contact_email.png */,
				19F3138C150C002E006F3DED /* 480x320_land_contact_sms.png */,
				19F3138D150C002E006F3DED /* 480x320_land_contact_sms_press.png */,
			);
			path = icons;
			sourceTree = "<group>";
		};
		19F3138E150C002E006F3DED /* land */ = {
			isa = PBXGroup;
			children = (
				197ED68515113EB1001104C6 /* 320x480_infoview.png */,
				19F3138F150C002E006F3DED /* 320x480_land_contact_bg.png */,
				19F31390150C002E006F3DED /* 320x480_land_main_bg.png */,
			);
			path = land;
			sourceTree = "<group>";
		};
		19F31391150C002E006F3DED /* port */ = {
			isa = PBXGroup;
			children = (
				19F31392150C002E006F3DED /* 320x480_port_bg.png */,
				19F31393150C002E006F3DED /* 320x480_port_contact_bg.png */,
			);
			path = port;
			sourceTree = "<group>";
		};
		3468F37A14E7D8970004697F /* Classes */ = {
			isa = PBXGroup;
			children = (
				EB7E76DA1C8988CD002E3AE1 /* player */,
				3427346914E9DFA00022E350 /* kontaktView.h */,
				3427346A14E9DFA00022E350 /* kontaktView.m */,
				3468F37B14E7D8970004697F /* comAppDelegate.h */,
				3468F37C14E7D8970004697F /* comAppDelegate.m */,
				3468F37D14E7D8970004697F /* comViewController.h */,
				3468F37E14E7D8970004697F /* comViewController.m */,
				34747799150BCD59009769E1 /* comInfoViewController.h */,
				3474779A150BCD59009769E1 /* comInfoViewController.m */,
			);
			path = Classes;
			sourceTree = "<group>";
		};
		34F601F914DF1D27005DB8A9 = {
			isa = PBXGroup;
			children = (
				EBAFDEEA1D3526AF008BEBF6 /* GoogleService-Info.plist */,
				EBAFDEE51D35261C008BEBF6 /* Podfile */,
				EB7E76D81C8978EE002E3AE1 /* Storyboard.storyboard */,
				EB7E76D61C8977AD002E3AE1 /* Launch Screen.storyboard */,
				3468F37A14E7D8970004697F /* Classes */,
				34F6020E14DF1D27005DB8A9 /* RockRadioCas */,
				34F6020714DF1D27005DB8A9 /* Frameworks */,
				34F6020514DF1D27005DB8A9 /* Products */,
				74953C4F5E6B619CB4F5D16E /* Pods */,
			);
			sourceTree = "<group>";
		};
		34F6020514DF1D27005DB8A9 /* Products */ = {
			isa = PBXGroup;
			children = (
				34F6020414DF1D27005DB8A9 /* RockRadioCas.app */,
			);
			name = Products;
			sourceTree = "<group>";
		};
		34F6020714DF1D27005DB8A9 /* Frameworks */ = {
			isa = PBXGroup;
			children = (
				348C84461501236400051A75 /* QuartzCore.framework */,
				343EAD1315004D91005722D7 /* AudioToolbox.framework */,
				34F6020C14DF1D27005DB8A9 /* CoreGraphics.framework */,
				343EAD1115004D2A005722D7 /* CoreMedia.framework */,
				34F6020814DF1D27005DB8A9 /* UIKit.framework */,
				34F6020A14DF1D27005DB8A9 /* Foundation.framework */,
				34F6022814DF1D59005DB8A9 /* AVFoundation.framework */,
				346DB10614E1F68F00ADC6C3 /* SystemConfiguration.framework */,
				346DB10414E1F61E00ADC6C3 /* CFNetwork.framework */,
				3490014F14E0A8400062DD0C /* MediaPlayer.framework */,
				3567CB3B5A3A63D480FC0B8A /* libPods-RockRadioCas.a */,
			);
			name = Frameworks;
			sourceTree = "<group>";
		};
		34F6020E14DF1D27005DB8A9 /* RockRadioCas */ = {
			isa = PBXGroup;
			children = (
				34F6022E14DF1E68005DB8A9 /* images */,
				3490015214E1B6400062DD0C /* Settings.bundle */,
				EB7E76D41C897436002E3AE1 /* Images.xcassets */,
				34F6020F14DF1D27005DB8A9 /* Supporting Files */,
			);
			path = RockRadioCas;
			sourceTree = "<group>";
		};
		34F6020F14DF1D27005DB8A9 /* Supporting Files */ = {
			isa = PBXGroup;
			children = (
				34F6021014DF1D27005DB8A9 /* RockRadioCas-Info.plist */,
				34F6021414DF1D27005DB8A9 /* main.m */,
				34F6021614DF1D27005DB8A9 /* RockRadioCas-Prefix.pch */,
			);
			name = "Supporting Files";
			sourceTree = "<group>";
		};
		34F6022E14DF1E68005DB8A9 /* images */ = {
			isa = PBXGroup;
			children = (
				EB7E76ED1C89B6CD002E3AE1 /* infoBck.png */,
				191AAA5A150CD03D00AFD20C /* ipadfin */,
				19F31372150C002E006F3DED /* iphonefin */,
			);
			path = images;
			sourceTree = "<group>";
		};
		74953C4F5E6B619CB4F5D16E /* Pods */ = {
			isa = PBXGroup;
			children = (
				3390A79D4E7E3464CDF10AF0 /* Pods-RockRadioCas.debug.xcconfig */,
				2161D925C6C89FC23C328ADA /* Pods-RockRadioCas.release.xcconfig */,
				249DC025BC48781BA2ECCCCE /* Pods-RockRadioCas.distribution.xcconfig */,
			);
			name = Pods;
			sourceTree = "<group>";
		};
		EB7E76DA1C8988CD002E3AE1 /* player */ = {
			isa = PBXGroup;
			children = (
				EBAFDEE71D352670008BEBF6 /* ServiceTools.h */,
				EBAFDEE81D352670008BEBF6 /* ServiceTools.m */,
				EB7E76E71C8992A7002E3AE1 /* comPlayer.h */,
				EB7E76E81C8992A7002E3AE1 /* comPlayer.m */,
				EB7E76E91C8992A7002E3AE1 /* Reachability.h */,
				EB7E76EA1C8992A7002E3AE1 /* Reachability.m */,
			);
			name = player;
			sourceTree = "<group>";
		};
/* End PBXGroup section */

/* Begin PBXNativeTarget section */
		34F6020314DF1D27005DB8A9 /* RockRadioCas */ = {
			isa = PBXNativeTarget;
			buildConfigurationList = 34F6022514DF1D27005DB8A9 /* Build configuration list for PBXNativeTarget "RockRadioCas" */;
			buildPhases = (
				17CC3B8E1A90AF750CD717E1 /* [CP] Check Pods Manifest.lock */,
				34F6020014DF1D27005DB8A9 /* Sources */,
				34F6020114DF1D27005DB8A9 /* Frameworks */,
				34F6020214DF1D27005DB8A9 /* Resources */,
				9454A643F6CA5D30A31E28CD /* [CP] Embed Pods Frameworks */,
				62326F2D573860306E49DA7B /* [CP] Copy Pods Resources */,
			);
			buildRules = (
			);
			dependencies = (
			);
			name = RockRadioCas;
			productName = RockRadioCas;
			productReference = 34F6020414DF1D27005DB8A9 /* RockRadioCas.app */;
			productType = "com.apple.product-type.application";
		};
/* End PBXNativeTarget section */

/* Begin PBXProject section */
		34F601FB14DF1D27005DB8A9 /* Project object */ = {
			isa = PBXProject;
			attributes = {
				LastUpgradeCheck = 0720;
				ORGANIZATIONNAME = "Jan Damek";
				TargetAttributes = {
					34F6020314DF1D27005DB8A9 = {
						DevelopmentTeam = GR74KSG8M9;
					};
				};
			};
			buildConfigurationList = 34F601FE14DF1D27005DB8A9 /* Build configuration list for PBXProject "RockRadioCas" */;
			compatibilityVersion = "Xcode 3.2";
			developmentRegion = English;
			hasScannedForEncodings = 0;
			knownRegions = (
				en,
				cs,
			);
			mainGroup = 34F601F914DF1D27005DB8A9;
			productRefGroup = 34F6020514DF1D27005DB8A9 /* Products */;
			projectDirPath = "";
			projectRoot = "";
			targets = (
				34F6020314DF1D27005DB8A9 /* RockRadioCas */,
			);
		};
/* End PBXProject section */

/* Begin PBXResourcesBuildPhase section */
		34F6020214DF1D27005DB8A9 /* Resources */ = {
			isa = PBXResourcesBuildPhase;
			buildActionMask = 2147483647;
			files = (
				EB7E76D51C897436002E3AE1 /* Images.xcassets in Resources */,
				3490015314E1B6400062DD0C /* Settings.bundle in Resources */,
				19F31394150C002E006F3DED /* 320x480_port_contact_back.png in Resources */,
				19F31395150C002E006F3DED /* 320x480_port_contact_back_press.png in Resources */,
				19F31396150C002E006F3DED /* 320x480_port_contact_call.png in Resources */,
				19F31397150C002E006F3DED /* 320x480_port_contact_call_press.png in Resources */,
				19F31398150C002E006F3DED /* 320x480_port_contact_email.png in Resources */,
				19F31399150C002E006F3DED /* 320x480_port_contact_sms.png in Resources */,
				19F3139A150C002E006F3DED /* 320x480_port_contact_sms_press.png in Resources */,
				19F3139B150C002E006F3DED /* 320x480_port_icons_contact.png in Resources */,
				19F3139C150C002E006F3DED /* 320x480_port_icons_contact_press.png in Resources */,
				19F3139D150C002E006F3DED /* 320x480_port_icons_face.png in Resources */,
				EB7E76D71C8977AD002E3AE1 /* Launch Screen.storyboard in Resources */,
				19F3139E150C002E006F3DED /* 320x480_port_icons_face_press.png in Resources */,
				19F3139F150C002E006F3DED /* 320x480_port_icons_pause.png in Resources */,
				19F313A0150C002E006F3DED /* 320x480_port_icons_pause_press.png in Resources */,
				19F313A1150C002E006F3DED /* 320x480_port_icons_play.png in Resources */,
				19F313A2150C002E006F3DED /* 320x480_port_icons_play_press.png in Resources */,
				19F313A3150C002E006F3DED /* 320x480_port_icons_vol.png in Resources */,
				19F313A4150C002E006F3DED /* 320x480_port_icons_vol_press.png in Resources */,
				19F313A5150C002E006F3DED /* 320x480_port_icons_www.png in Resources */,
				19F313A6150C002E006F3DED /* 320x480_port_icons_www_press.png in Resources */,
				19F313A7150C002E006F3DED /* 480x320_land_contact_back.png in Resources */,
				19F313A8150C002E006F3DED /* 480x320_land_contact_back_press.png in Resources */,
				19F313A9150C002E006F3DED /* 480x320_land_contact_call.png in Resources */,
				19F313AA150C002E006F3DED /* 480x320_land_contact_call_press.png in Resources */,
				19F313AB150C002E006F3DED /* 480x320_land_contact_email.png in Resources */,
				19F313AC150C002E006F3DED /* 480x320_land_contact_sms.png in Resources */,
				19F313AD150C002E006F3DED /* 480x320_land_contact_sms_press.png in Resources */,
				19F313AE150C002E006F3DED /* 320x480_land_contact_bg.png in Resources */,
				19F313AF150C002E006F3DED /* 320x480_land_main_bg.png in Resources */,
				EB7E76D91C8978EE002E3AE1 /* Storyboard.storyboard in Resources */,
				19F313B0150C002E006F3DED /* 320x480_port_bg.png in Resources */,
				19F313B1150C002E006F3DED /* 320x480_port_contact_bg.png in Resources */,
				191AAA76150CD03D00AFD20C /* 1024x768_land_call_press.png in Resources */,
				191AAA77150CD03D00AFD20C /* 1024x768_land_contact_back.png in Resources */,
				191AAA78150CD03D00AFD20C /* 1024x768_land_contact_call.png in Resources */,
				191AAA79150CD03D00AFD20C /* 1024x768_land_contact_email.png in Resources */,
				191AAA7A150CD03D00AFD20C /* 1024x768_land_contact_sms.png in Resources */,
				191AAA7B150CD03D00AFD20C /* 1024x768_land_sms_press.png in Resources */,
				191AAA7C150CD03D00AFD20C /* 768x1024_port_icons_contact.png in Resources */,
				191AAA7D150CD03D00AFD20C /* 768x1024_port_icons_contact_press.png in Resources */,
				191AAA7E150CD03D00AFD20C /* 768x1024_port_icons_face.png in Resources */,
				191AAA7F150CD03D00AFD20C /* 768x1024_port_icons_face_press.png in Resources */,
				191AAA80150CD03D00AFD20C /* 768x1024_port_icons_pause.png in Resources */,
				191AAA81150CD03D00AFD20C /* 768x1024_port_icons_pause_press.png in Resources */,
				EBAFDEE61D35261C008BEBF6 /* Podfile in Resources */,
				191AAA82150CD03D00AFD20C /* 768x1024_port_icons_play.png in Resources */,
				EB7E76EE1C89B6CD002E3AE1 /* infoBck.png in Resources */,
				191AAA83150CD03D00AFD20C /* 768x1024_port_icons_play_press.png in Resources */,
				191AAA84150CD03D00AFD20C /* 768x1024_port_icons_vol.png in Resources */,
				191AAA85150CD03D00AFD20C /* 768x1024_port_icons_vol_press.png in Resources */,
				191AAA86150CD03D00AFD20C /* 768x1024_port_icons_www.png in Resources */,
				191AAA87150CD03D00AFD20C /* 768x1024_port_icons_www_press.png in Resources */,
				191AAA88150CD03D00AFD20C /* 1024x768_land_bg.png in Resources */,
				191AAA89150CD03D00AFD20C /* 1024x768_land_contact_bg.png in Resources */,
				191AAA8A150CD03D00AFD20C /* 768x1024_port_bg.png in Resources */,
				191AAA8B150CD03D00AFD20C /* 768x1024_port_contact_bg.png in Resources */,
				EBAFDEEB1D3526AF008BEBF6 /* GoogleService-Info.plist in Resources */,
				191F6B3D150D5D3E00EB8127 /* digiscope-logo.png in Resources */,
				19F5DF01150D682C002EAF2F /* support.png in Resources */,
				197ED68615113EB1001104C6 /* 320x480_infoview.png in Resources */,
				C4929CCB1549ABBB009A8B10 /* 1024x768_land_back_press.png in Resources */,
			);
			runOnlyForDeploymentPostprocessing = 0;
		};
/* End PBXResourcesBuildPhase section */

/* Begin PBXShellScriptBuildPhase section */
		17CC3B8E1A90AF750CD717E1 /* [CP] Check Pods Manifest.lock */ = {
			isa = PBXShellScriptBuildPhase;
			buildActionMask = 2147483647;
			files = (
			);
			inputPaths = (
			);
			name = "[CP] Check Pods Manifest.lock";
			outputPaths = (
			);
			runOnlyForDeploymentPostprocessing = 0;
			shellPath = /bin/sh;
			shellScript = "diff \"${PODS_ROOT}/../Podfile.lock\" \"${PODS_ROOT}/Manifest.lock\" > /dev/null\nif [[ $? != 0 ]] ; then\n    cat << EOM\nerror: The sandbox is not in sync with the Podfile.lock. Run 'pod install' or update your CocoaPods installation.\nEOM\n    exit 1\nfi\n";
			showEnvVarsInLog = 0;
		};
		62326F2D573860306E49DA7B /* [CP] Copy Pods Resources */ = {
			isa = PBXShellScriptBuildPhase;
			buildActionMask = 2147483647;
			files = (
			);
			inputPaths = (
			);
			name = "[CP] Copy Pods Resources";
			outputPaths = (
			);
			runOnlyForDeploymentPostprocessing = 0;
			shellPath = /bin/sh;
			shellScript = "\"${SRCROOT}/Pods/Target Support Files/Pods-RockRadioCas/Pods-RockRadioCas-resources.sh\"\n";
			showEnvVarsInLog = 0;
		};
		9454A643F6CA5D30A31E28CD /* [CP] Embed Pods Frameworks */ = {
			isa = PBXShellScriptBuildPhase;
			buildActionMask = 2147483647;
			files = (
			);
			inputPaths = (
			);
			name = "[CP] Embed Pods Frameworks";
			outputPaths = (
			);
			runOnlyForDeploymentPostprocessing = 0;
			shellPath = /bin/sh;
			shellScript = "\"${SRCROOT}/Pods/Target Support Files/Pods-RockRadioCas/Pods-RockRadioCas-frameworks.sh\"\n";
			showEnvVarsInLog = 0;
		};
/* End PBXShellScriptBuildPhase section */

/* Begin PBXSourcesBuildPhase section */
		34F6020014DF1D27005DB8A9 /* Sources */ = {
			isa = PBXSourcesBuildPhase;
			buildActionMask = 2147483647;
			files = (
				34F6021514DF1D27005DB8A9 /* main.m in Sources */,
				3468F38214E7D8970004697F /* comAppDelegate.m in Sources */,
				3468F38314E7D8970004697F /* comViewController.m in Sources */,
				EBAFDEE91D352670008BEBF6 /* ServiceTools.m in Sources */,
				EB7E76EC1C8992A7002E3AE1 /* Reachability.m in Sources */,
				3427346B14E9DFA00022E350 /* kontaktView.m in Sources */,
				EB7E76EB1C8992A7002E3AE1 /* comPlayer.m in Sources */,
				3474779C150BCD59009769E1 /* comInfoViewController.m in Sources */,
			);
			runOnlyForDeploymentPostprocessing = 0;
		};
/* End PBXSourcesBuildPhase section */

/* Begin XCBuildConfiguration section */
		34F6022314DF1D27005DB8A9 /* Debug */ = {
			isa = XCBuildConfiguration;
			buildSettings = {
				ALWAYS_SEARCH_USER_PATHS = NO;
				CLANG_ENABLE_OBJC_ARC = NO;
				CLANG_WARN_BOOL_CONVERSION = YES;
				CLANG_WARN_CONSTANT_CONVERSION = YES;
				CLANG_WARN_EMPTY_BODY = YES;
				CLANG_WARN_ENUM_CONVERSION = YES;
				CLANG_WARN_INT_CONVERSION = YES;
				CLANG_WARN_UNREACHABLE_CODE = YES;
				CLANG_WARN__DUPLICATE_METHOD_MATCH = YES;
				CODE_SIGN_IDENTITY = "iPhone Distribution: Tomas Vanek";
				COPY_PHASE_STRIP = NO;
				ENABLE_STRICT_OBJC_MSGSEND = YES;
				ENABLE_TESTABILITY = YES;
				GCC_C_LANGUAGE_STANDARD = c99;
				GCC_DYNAMIC_NO_PIC = NO;
				GCC_NO_COMMON_BLOCKS = YES;
				GCC_OPTIMIZATION_LEVEL = "";
				GCC_PREPROCESSOR_DEFINITIONS = (
					"DEBUG=1",
					"$(inherited)",
				);
				GCC_SYMBOLS_PRIVATE_EXTERN = NO;
				GCC_VERSION = com.apple.compilers.llvm.clang.1_0;
				GCC_WARN_64_TO_32_BIT_CONVERSION = YES;
				GCC_WARN_ABOUT_MISSING_PROTOTYPES = YES;
				GCC_WARN_ABOUT_RETURN_TYPE = YES;
				GCC_WARN_UNDECLARED_SELECTOR = YES;
				GCC_WARN_UNINITIALIZED_AUTOS = YES;
				GCC_WARN_UNUSED_FUNCTION = YES;
				GCC_WARN_UNUSED_VARIABLE = YES;
				IPHONEOS_DEPLOYMENT_TARGET = 7.0;
				ONLY_ACTIVE_ARCH = YES;
				OTHER_CFLAGS = "";
				PRODUCT_NAME = RockCas;
				PROVISIONING_PROFILE = "B0FCBBD9-D9B1-48FA-A6FE-6295BF62B0C3";
				SDKROOT = iphoneos;
				TARGETED_DEVICE_FAMILY = "1,2";
				WRAPPER_EXTENSION = app;
			};
			name = Debug;
		};
		34F6022414DF1D27005DB8A9 /* Release */ = {
			isa = XCBuildConfiguration;
			buildSettings = {
				ALWAYS_SEARCH_USER_PATHS = NO;
				CLANG_ENABLE_OBJC_ARC = NO;
				CLANG_WARN_BOOL_CONVERSION = YES;
				CLANG_WARN_CONSTANT_CONVERSION = YES;
				CLANG_WARN_EMPTY_BODY = YES;
				CLANG_WARN_ENUM_CONVERSION = YES;
				CLANG_WARN_INT_CONVERSION = YES;
				CLANG_WARN_UNREACHABLE_CODE = YES;
				CLANG_WARN__DUPLICATE_METHOD_MATCH = YES;
				CODE_SIGN_IDENTITY = "iPhone Distribution";
				COPY_PHASE_STRIP = YES;
				ENABLE_STRICT_OBJC_MSGSEND = YES;
				GCC_C_LANGUAGE_STANDARD = c99;
				GCC_NO_COMMON_BLOCKS = YES;
				GCC_OPTIMIZATION_LEVEL = "";
				GCC_VERSION = com.apple.compilers.llvm.clang.1_0;
				GCC_WARN_64_TO_32_BIT_CONVERSION = YES;
				GCC_WARN_ABOUT_MISSING_PROTOTYPES = YES;
				GCC_WARN_ABOUT_RETURN_TYPE = YES;
				GCC_WARN_UNDECLARED_SELECTOR = YES;
				GCC_WARN_UNINITIALIZED_AUTOS = YES;
				GCC_WARN_UNUSED_FUNCTION = YES;
				GCC_WARN_UNUSED_VARIABLE = YES;
				IPHONEOS_DEPLOYMENT_TARGET = 7.0;
				OTHER_CFLAGS = "";
				PRODUCT_NAME = RockCas;
				PROVISIONING_PROFILE = "";
				SDKROOT = iphoneos;
				TARGETED_DEVICE_FAMILY = "1,2";
				VALIDATE_PRODUCT = NO;
				WRAPPER_EXTENSION = app;
			};
			name = Release;
		};
		34F6022614DF1D27005DB8A9 /* Debug */ = {
			isa = XCBuildConfiguration;
			baseConfigurationReference = 3390A79D4E7E3464CDF10AF0 /* Pods-RockRadioCas.debug.xcconfig */;
			buildSettings = {
				ASSETCATALOG_COMPILER_APPICON_NAME = AppIcon;
				ASSETCATALOG_COMPILER_LAUNCHIMAGE_NAME = "Brand Assets";
				CLANG_ENABLE_MODULES = YES;
				CODE_SIGN_IDENTITY = "iPhone Developer";
				"CODE_SIGN_IDENTITY[sdk=iphoneos*]" = "iPhone Developer";
				ENABLE_OPENMP_SUPPORT = NO;
				GCC_PRECOMPILE_PREFIX_HEADER = YES;
				GCC_PREFIX_HEADER = "RockRadioCas/RockRadioCas-Prefix.pch";
				GCC_VERSION = "";
				GENERATE_PROFILING_CODE = YES;
				INFOPLIST_FILE = "RockRadioCas/RockRadioCas-Info.plist";
				PRODUCT_BUNDLE_IDENTIFIER = eu.damek.radio.RockRadioCas;
				PRODUCT_NAME = "$(TARGET_NAME)";
				PROVISIONING_PROFILE = "";
				SDKROOT = iphoneos;
				WRAPPER_EXTENSION = app;
			};
			name = Debug;
		};
		34F6022714DF1D27005DB8A9 /* Release */ = {
			isa = XCBuildConfiguration;
			baseConfigurationReference = 2161D925C6C89FC23C328ADA /* Pods-RockRadioCas.release.xcconfig */;
			buildSettings = {
				ASSETCATALOG_COMPILER_APPICON_NAME = AppIcon;
				ASSETCATALOG_COMPILER_LAUNCHIMAGE_NAME = "Brand Assets";
				CLANG_ENABLE_MODULES = YES;
				CODE_SIGN_IDENTITY = "iPhone Developer";
				"CODE_SIGN_IDENTITY[sdk=iphoneos*]" = "iPhone Developer";
				ENABLE_OPENMP_SUPPORT = NO;
				GCC_PRECOMPILE_PREFIX_HEADER = YES;
				GCC_PREFIX_HEADER = "RockRadioCas/RockRadioCas-Prefix.pch";
				GCC_VERSION = "";
				GENERATE_PROFILING_CODE = YES;
				INFOPLIST_FILE = "RockRadioCas/RockRadioCas-Info.plist";
				"INSTALL_PATH[sdk=iphoneos*]" = "$(LOCAL_APPS_DIR)";
				PRODUCT_BUNDLE_IDENTIFIER = eu.damek.radio.RockRadioCas;
				PRODUCT_NAME = "$(TARGET_NAME)";
				PROVISIONING_PROFILE = "7c2de0cf-3535-4132-815c-7e2aeae91569";
				SDKROOT = iphoneos;
				WRAPPER_EXTENSION = app;
			};
			name = Release;
		};
		C4C7D6311549DC2D00B1F013 /* Distribution */ = {
			isa = XCBuildConfiguration;
			buildSettings = {
				ALWAYS_SEARCH_USER_PATHS = NO;
				CLANG_ENABLE_OBJC_ARC = NO;
				CLANG_WARN_BOOL_CONVERSION = YES;
				CLANG_WARN_CONSTANT_CONVERSION = YES;
				CLANG_WARN_EMPTY_BODY = YES;
				CLANG_WARN_ENUM_CONVERSION = YES;
				CLANG_WARN_INT_CONVERSION = YES;
				CLANG_WARN_UNREACHABLE_CODE = YES;
				CLANG_WARN__DUPLICATE_METHOD_MATCH = YES;
				CODE_SIGN_IDENTITY = "iPhone Distribution";
				COPY_PHASE_STRIP = YES;
				ENABLE_STRICT_OBJC_MSGSEND = YES;
				GCC_C_LANGUAGE_STANDARD = c99;
				GCC_NO_COMMON_BLOCKS = YES;
				GCC_OPTIMIZATION_LEVEL = "";
				GCC_VERSION = com.apple.compilers.llvm.clang.1_0;
				GCC_WARN_64_TO_32_BIT_CONVERSION = YES;
				GCC_WARN_ABOUT_MISSING_PROTOTYPES = YES;
				GCC_WARN_ABOUT_RETURN_TYPE = YES;
				GCC_WARN_UNDECLARED_SELECTOR = YES;
				GCC_WARN_UNINITIALIZED_AUTOS = YES;
				GCC_WARN_UNUSED_FUNCTION = YES;
				GCC_WARN_UNUSED_VARIABLE = YES;
				IPHONEOS_DEPLOYMENT_TARGET = 7.0;
				OTHER_CFLAGS = "";
				PRODUCT_NAME = RockCas;
				PROVISIONING_PROFILE = "";
				SDKROOT = iphoneos;
				TARGETED_DEVICE_FAMILY = "1,2";
				VALIDATE_PRODUCT = NO;
				WRAPPER_EXTENSION = app;
			};
			name = Distribution;
		};
		C4C7D6321549DC2D00B1F013 /* Distribution */ = {
			isa = XCBuildConfiguration;
			baseConfigurationReference = 249DC025BC48781BA2ECCCCE /* Pods-RockRadioCas.distribution.xcconfig */;
			buildSettings = {
				ASSETCATALOG_COMPILER_APPICON_NAME = AppIcon;
				ASSETCATALOG_COMPILER_LAUNCHIMAGE_NAME = "Brand Assets";
				CLANG_ENABLE_MODULES = YES;
				CODE_SIGN_IDENTITY = "iPhone Developer";
				"CODE_SIGN_IDENTITY[sdk=iphoneos*]" = "iPhone Developer";
				ENABLE_OPENMP_SUPPORT = NO;
				GCC_PRECOMPILE_PREFIX_HEADER = YES;
				GCC_PREFIX_HEADER = "RockRadioCas/RockRadioCas-Prefix.pch";
				GCC_VERSION = "";
				GENERATE_PROFILING_CODE = YES;
				INFOPLIST_FILE = "RockRadioCas/RockRadioCas-Info.plist";
				"INSTALL_PATH[sdk=iphoneos*]" = "$(LOCAL_APPS_DIR)";
				PRODUCT_BUNDLE_IDENTIFIER = eu.damek.radio.RockRadioCas;
				PRODUCT_NAME = "$(TARGET_NAME)";
				PROVISIONING_PROFILE = "7c2de0cf-3535-4132-815c-7e2aeae91569";
				SDKROOT = iphoneos;
				WRAPPER_EXTENSION = app;
			};
			name = Distribution;
		};
/* End XCBuildConfiguration section */

/* Begin XCConfigurationList section */
		34F601FE14DF1D27005DB8A9 /* Build configuration list for PBXProject "RockRadioCas" */ = {
			isa = XCConfigurationList;
			buildConfigurations = (
				34F6022314DF1D27005DB8A9 /* Debug */,
				34F6022414DF1D27005DB8A9 /* Release */,
				C4C7D6311549DC2D00B1F013 /* Distribution */,
			);
			defaultConfigurationIsVisible = 0;
			defaultConfigurationName = Debug;
		};
		34F6022514DF1D27005DB8A9 /* Build configuration list for PBXNativeTarget "RockRadioCas" */ = {
			isa = XCConfigurationList;
			buildConfigurations = (
				34F6022614DF1D27005DB8A9 /* Debug */,
				34F6022714DF1D27005DB8A9 /* Release */,
				C4C7D6321549DC2D00B1F013 /* Distribution */,
			);
			defaultConfigurationIsVisible = 0;
			defaultConfigurationName = Debug;
		};
/* End XCConfigurationList section */
	};
	rootObject = 34F601FB14DF1D27005DB8A9 /* Project object */;
}
